NeoBundleLock AnsiEsc.vim d2bb7878622e4c16203acf1c92a0f4bc7ac58003
NeoBundleLock emmet-vim 1c46c5fb775606621906f0bedc8da8bc636c1dac
NeoBundleLock neobundle.vim da586948ea027442d6c1b724e3b8c0937e224454
NeoBundleLock neocomplcache 778181767467b8f8016828898779a646074d883a
NeoBundleLock neocomplete 9cf52cfad47bf0f7acfcc5cf72d2f771a86c0fe2
NeoBundleLock neomru.vim e72bef33c7f6af3d17c9968f9ac7bb2fda2a2bde
NeoBundleLock neosnippet d7145056c4b3b8177159a085cffbe54c18a7d248
NeoBundleLock neosnippet-snippets 9fc25db68f3c98b1b5d592dff465ad14e54bcadb
NeoBundleLock nerdtree 3b98a7fcae8f9fff356907171f0406ff8cd28921
NeoBundleLock tcomment_vim 7f2adfeb702210cae8e8aa8471bfb2b777d2c3b3
NeoBundleLock unite.vim bead7d12ab188ec80c05c6a764bb000dde2cb1c9
NeoBundleLock vim-endwise bba43b831ae0485cf9b86d16340a6a314b927391
NeoBundleLock vim-fugitive 4cc201cbe3a0c3faa4cde1b82ba941d410e5e81c
NeoBundleLock vim-indent-guides 184e55848de2304cabc5c03d2afe9b8fd098c58c
NeoBundleLock vim-less 9426a5168acbc12a5dd8f3b01acff59db6ba36e1
NeoBundleLock vim-rails fc156c60a589f4d944b876553a3edb77175f2804
NeoBundleLock vim-surround 772ab9587b7d1e2c3bae75395c9123803059ba8a
NeoBundleLock vim-trailing-whitespace d4ad27de051848e544e360482bdf076b154de0c1
